// !$*UTF8*$!
{
	archiveVersion = 1;
	classes = {
	};
	objectVersion = 48;
	objects = {

/* Begin PBXBuildFile section */
		5475D6C01F9ED24100AFA523 /* AppDelegate.swift in Sources */ = {isa = PBXBuildFile; fileRef = 5475D6BF1F9ED24100AFA523 /* AppDelegate.swift */; };
		5475D6C21F9ED24100AFA523 /* ViewController.swift in Sources */ = {isa = PBXBuildFile; fileRef = 5475D6C11F9ED24100AFA523 /* ViewController.swift */; };
		5475D6C51F9ED24100AFA523 /* Main.storyboard in Resources */ = {isa = PBXBuildFile; fileRef = 5475D6C31F9ED24100AFA523 /* Main.storyboard */; };
		5475D6C71F9ED24100AFA523 /* Assets.xcassets in Resources */ = {isa = PBXBuildFile; fileRef = 5475D6C61F9ED24100AFA523 /* Assets.xcassets */; };
		5475D6CA1F9ED24100AFA523 /* LaunchScreen.storyboard in Resources */ = {isa = PBXBuildFile; fileRef = 5475D6C81F9ED24100AFA523 /* LaunchScreen.storyboard */; };
		5475D6D21F9ED25300AFA523 /* Data.swift in Sources */ = {isa = PBXBuildFile; fileRef = 5475D6D11F9ED25300AFA523 /* Data.swift */; };
		5475D6D41F9ED6DC00AFA523 /* Logic.swift in Sources */ = {isa = PBXBuildFile; fileRef = 5475D6D31F9ED6DC00AFA523 /* Logic.swift */; };
/* End PBXBuildFile section */

/* Begin PBXFileReference section */
		5475D6BC1F9ED24100AFA523 /* TextTwist.app */ = {isa = PBXFileReference; explicitFileType = wrapper.application; includeInIndex = 0; path = TextTwist.app; sourceTree = BUILT_PRODUCTS_DIR; };
		5475D6BF1F9ED24100AFA523 /* AppDelegate.swift */ = {isa = PBXFileReference; lastKnownFileType = sourcecode.swift; path = AppDelegate.swift; sourceTree = "<group>"; };
		5475D6C11F9ED24100AFA523 /* ViewController.swift */ = {isa = PBXFileReference; lastKnownFileType = sourcecode.swift; path = ViewController.swift; sourceTree = "<group>"; };
		5475D6C41F9ED24100AFA523 /* Base */ = {isa = PBXFileReference; lastKnownFileType = file.storyboard; name = Base; path = Base.lproj/Main.storyboard; sourceTree = "<group>"; };
		5475D6C61F9ED24100AFA523 /* Assets.xcassets */ = {isa = PBXFileReference; lastKnownFileType = folder.assetcatalog; path = Assets.xcassets; sourceTree = "<group>"; };
		5475D6C91F9ED24100AFA523 /* Base */ = {isa = PBXFileReference; lastKnownFileType = file.storyboard; name = Base; path = Base.lproj/LaunchScreen.storyboard; sourceTree = "<group>"; };
		5475D6CB1F9ED24100AFA523 /* Info.plist */ = {isa = PBXFileReference; lastKnownFileType = text.plist.xml; path = Info.plist; sourceTree = "<group>"; };
		5475D6D11F9ED25300AFA523 /* Data.swift */ = {isa = PBXFileReference; lastKnownFileType = sourcecode.swift; path = Data.swift; sourceTree = "<group>"; };
		5475D6D31F9ED6DC00AFA523 /* Logic.swift */ = {isa = PBXFileReference; lastKnownFileType = sourcecode.swift; path = Logic.swift; sourceTree = "<group>"; };
/* End PBXFileReference section */

/* Begin PBXFrameworksBuildPhase section */
		5475D6B91F9ED24100AFA523 /* Frameworks */ = {
			isa = PBXFrameworksBuildPhase;
			buildActionMask = 2147483647;
			files = (
			);
			runOnlyForDeploymentPostprocessing = 0;
		};
/* End PBXFrameworksBuildPhase section */

/* Begin PBXGroup section */
		5475D6B31F9ED24100AFA523 = {
			isa = PBXGroup;
			children = (
				5475D6BE1F9ED24100AFA523 /* TextTwist */,
				5475D6BD1F9ED24100AFA523 /* Products */,
			);
			sourceTree = "<group>";
		};
		5475D6BD1F9ED24100AFA523 /* Products */ = {
			isa = PBXGroup;
			children = (
				5475D6BC1F9ED24100AFA523 /* TextTwist.app */,
			);
			name = Products;
			sourceTree = "<group>";
		};
		5475D6BE1F9ED24100AFA523 /* TextTwist */ = {
			isa = PBXGroup;
			children = (
				5475D6D51F9EDB1A00AFA523 /* Supporting Files */,
				5475D6D11F9ED25300AFA523 /* Data.swift */,
				5475D6D31F9ED6DC00AFA523 /* Logic.swift */,
				5475D6C11F9ED24100AFA523 /* ViewController.swift */,
				5475D6C31F9ED24100AFA523 /* Main.storyboard */,
				5475D6CB1F9ED24100AFA523 /* Info.plist */,
			);
			path = TextTwist;
			sourceTree = "<group>";
		};
		5475D6D51F9EDB1A00AFA523 /* Supporting Files */ = {
			isa = PBXGroup;
			children = (
				5475D6BF1F9ED24100AFA523 /* AppDelegate.swift */,
				5475D6C61F9ED24100AFA523 /* Assets.xcassets */,
				5475D6C81F9ED24100AFA523 /* LaunchScreen.storyboard */,
			);
			path = "Supporting Files";
			sourceTree = "<group>";
		};
/* End PBXGroup section */

/* Begin PBXNativeTarget section */
		5475D6BB1F9ED24100AFA523 /* TextTwist */ = {
			isa = PBXNativeTarget;
			buildConfigurationList = 5475D6CE1F9ED24100AFA523 /* Build configuration list for PBXNativeTarget "TextTwist" */;
			buildPhases = (
				5475D6B81F9ED24100AFA523 /* Sources */,
				5475D6B91F9ED24100AFA523 /* Frameworks */,
				5475D6BA1F9ED24100AFA523 /* Resources */,
			);
			buildRules = (
			);
			dependencies = (
			);
			name = TextTwist;
			productName = TextTwist;
			productReference = 5475D6BC1F9ED24100AFA523 /* TextTwist.app */;
			productType = "com.apple.product-type.application";
		};
/* End PBXNativeTarget section */

/* Begin PBXProject section */
		5475D6B41F9ED24100AFA523 /* Project object */ = {
			isa = PBXProject;
			attributes = {
				LastSwiftUpdateCheck = 0900;
				LastUpgradeCheck = 1020;
				ORGANIZATIONNAME = "C4Q ";
				TargetAttributes = {
					5475D6BB1F9ED24100AFA523 = {
						CreatedOnToolsVersion = 9.0;
						ProvisioningStyle = Automatic;
					};
				};
			};
			buildConfigurationList = 5475D6B71F9ED24100AFA523 /* Build configuration list for PBXProject "TextTwist" */;
			compatibilityVersion = "Xcode 8.0";
			developmentRegion = en;
			hasScannedForEncodings = 0;
			knownRegions = (
				en,
				Base,
			);
			mainGroup = 5475D6B31F9ED24100AFA523;
			productRefGroup = 5475D6BD1F9ED24100AFA523 /* Products */;
			projectDirPath = "";
			projectRoot = "";
			targets = (
				5475D6BB1F9ED24100AFA523 /* TextTwist */,
			);
		};
/* End PBXProject section */

/* Begin PBXResourcesBuildPhase section */
		5475D6BA1F9ED24100AFA523 /* Resources */ = {
			isa = PBXResourcesBuildPhase;
			buildActionMask = 2147483647;
			files = (
				5475D6CA1F9ED24100AFA523 /* LaunchScreen.storyboard in Resources */,
				5475D6C71F9ED24100AFA523 /* Assets.xcassets in Resources */,
				5475D6C51F9ED24100AFA523 /* Main.storyboard in Resources */,
			);
			runOnlyForDeploymentPostprocessing = 0;
		};
/* End PBXResourcesBuildPhase section */

/* Begin PBXSourcesBuildPhase section */
		5475D6B81F9ED24100AFA523 /* Sources */ = {
			isa = PBXSourcesBuildPhase;
			buildActionMask = 2147483647;
			files = (
				5475D6D41F9ED6DC00AFA523 /* Logic.swift in Sources */,
				5475D6C21F9ED24100AFA523 /* ViewController.swift in Sources */,
				5475D6D21F9ED25300AFA523 /* Data.swift in Sources */,
				5475D6C01F9ED24100AFA523 /* AppDelegate.swift in Sources */,
			);
			runOnlyForDeploymentPostprocessing = 0;
		};
/* End PBXSourcesBuildPhase section */

/* Begin PBXVariantGroup section */
		5475D6C31F9ED24100AFA523 /* Main.storyboard */ = {
			isa = PBXVariantGroup;
			children = (
				5475D6C41F9ED24100AFA523 /* Base */,
			);
			name = Main.storyboard;
			sourceTree = "<group>";
		};
		5475D6C81F9ED24100AFA523 /* LaunchScreen.storyboard */ = {
			isa = PBXVariantGroup;
			children = (
				5475D6C91F9ED24100AFA523 /* Base */,
			);
			name = LaunchScreen.storyboard;
			sourceTree = "<group>";
		};
/* End PBXVariantGroup section */

/* Begin XCBuildConfiguration section */
		5475D6CC1F9ED24100AFA523 /* Debug */ = {
			isa = XCBuildConfiguration;
			buildSettings = {
				ALWAYS_SEARCH_USER_PATHS = NO;
				CLANG_ANALYZER_NONNULL = YES;
				CLANG_ANALYZER_NUMBER_OBJECT_CONVERSION = YES_AGGRESSIVE;
				CLANG_CXX_LANGUAGE_STANDARD = "gnu++14";
				CLANG_CXX_LIBRARY = "libc++";
				CLANG_ENABLE_MODULES = YES;
				CLANG_ENABLE_OBJC_ARC = YES;
				CLANG_WARN_BLOCK_CAPTURE_AUTORELEASING = YES;
				CLANG_WARN_BOOL_CONVERSION = YES;
				CLANG_WARN_COMMA = YES;
				CLANG_WARN_CONSTANT_CONVERSION = YES;
				CLANG_WARN_DEPRECATED_OBJC_IMPLEMENTATIONS = YES;
				CLANG_WARN_DIRECT_OBJC_ISA_USAGE = YES_ERROR;
				CLANG_WARN_DOCUMENTATION_COMMENTS = YES;
				CLANG_WARN_EMPTY_BODY = YES;
				CLANG_WARN_ENUM_CONVERSION = YES;
				CLANG_WARN_INFINITE_RECURSION = YES;
				CLANG_WARN_INT_CONVERSION = YES;
				CLANG_WARN_NON_LITERAL_NULL_CONVERSION = YES;
				CLANG_WARN_OBJC_IMPLICIT_RETAIN_SELF = YES;
				CLANG_WARN_OBJC_LITERAL_CONVERSION = YES;
				CLANG_WARN_OBJC_ROOT_CLASS = YES_ERROR;
				CLANG_WARN_RANGE_LOOP_ANALYSIS = YES;
				CLANG_WARN_STRICT_PROTOTYPES = YES;
				CLANG_WARN_SUSPICIOUS_MOVE = YES;
				CLANG_WARN_UNGUARDED_AVAILABILITY = YES_AGGRESSIVE;
				CLANG_WARN_UNREACHABLE_CODE = YES;
				CLANG_WARN__DUPLICATE_METHOD_MATCH = YES;
				CODE_SIGN_IDENTITY = "iPhone Developer";
				COPY_PHASE_STRIP = NO;
				DEBUG_INFORMATION_FORMAT = dwarf;
				ENABLE_STRICT_OBJC_MSGSEND = YES;
				ENABLE_TESTABILITY = YES;
				GCC_C_LANGUAGE_STANDARD = gnu11;
				GCC_DYNAMIC_NO_PIC = NO;
				GCC_NO_COMMON_BLOCKS = YES;
				GCC_OPTIMIZATION_LEVEL = 0;
				GCC_PREPROCESSOR_DEFINITIONS = (
					"DEBUG=1",
					"$(inherited)",
				);
				GCC_WARN_64_TO_32_BIT_CONVERSION = YES;
				GCC_WARN_ABOUT_RETURN_TYPE = YES_ERROR;
				GCC_WARN_UNDECLARED_SELECTOR = YES;
				GCC_WARN_UNINITIALIZED_AUTOS = YES_AGGRESSIVE;
				GCC_WARN_UNUSED_FUNCTION = YES;
				GCC_WARN_UNUSED_VARIABLE = YES;
				IPHONEOS_DEPLOYMENT_TARGET = 12.2;
				MTL_ENABLE_DEBUG_INFO = YES;
				ONLY_ACTIVE_ARCH = YES;
				SDKROOT = iphoneos;
				SWIFT_ACTIVE_COMPILATION_CONDITIONS = DEBUG;
				SWIFT_OPTIMIZATION_LEVEL = "-Onone";
			};
			name = Debug;
		};
		5475D6CD1F9ED24100AFA523 /* Release */ = {
			isa = XCBuildConfiguration;
			buildSettings = {
				ALWAYS_SEARCH_USER_PATHS = NO;
				CLANG_ANALYZER_NONNULL = YES;
				CLANG_ANALYZER_NUMBER_OBJECT_CONVERSION = YES_AGGRESSIVE;
				CLANG_CXX_LANGUAGE_STANDARD = "gnu++14";
				CLANG_CXX_LIBRARY = "libc++";
				CLANG_ENABLE_MODULES = YES;
				CLANG_ENABLE_OBJC_ARC = YES;
				CLANG_WARN_BLOCK_CAPTURE_AUTORELEASING = YES;
				CLANG_WARN_BOOL_CONVERSION = YES;
				CLANG_WARN_COMMA = YES;
				CLANG_WARN_CONSTANT_CONVERSION = YES;
				CLANG_WARN_DEPRECATED_OBJC_IMPLEMENTATIONS = YES;
				CLANG_WARN_DIRECT_OBJC_ISA_USAGE = YES_ERROR;
				CLANG_WARN_DOCUMENTATION_COMMENTS = YES;
				CLANG_WARN_EMPTY_BODY = YES;
				CLANG_WARN_ENUM_CONVERSION = YES;
				CLANG_WARN_INFINITE_RECURSION = YES;
				CLANG_WARN_INT_CONVERSION = YES;
				CLANG_WARN_NON_LITERAL_NULL_CONVERSION = YES;
				CLANG_WARN_OBJC_IMPLICIT_RETAIN_SELF = YES;
				CLANG_WARN_OBJC_LITERAL_CONVERSION = YES;
				CLANG_WARN_OBJC_ROOT_CLASS = YES_ERROR;
				CLANG_WARN_RANGE_LOOP_ANALYSIS = YES;
				CLANG_WARN_STRICT_PROTOTYPES = YES;
				CLANG_WARN_SUSPICIOUS_MOVE = YES;
				CLANG_WARN_UNGUARDED_AVAILABILITY = YES_AGGRESSIVE;
				CLANG_WARN_UNREACHABLE_CODE = YES;
				CLANG_WARN__DUPLICATE_METHOD_MATCH = YES;
				CODE_SIGN_IDENTITY = "iPhone Developer";
				COPY_PHASE_STRIP = NO;
				DEBUG_INFORMATION_FORMAT = "dwarf-with-dsym";
				ENABLE_NS_ASSERTIONS = NO;
				ENABLE_STRICT_OBJC_MSGSEND = YES;
				GCC_C_LANGUAGE_STANDARD = gnu11;
				GCC_NO_COMMON_BLOCKS = YES;
				GCC_WARN_64_TO_32_BIT_CONVERSION = YES;
				GCC_WARN_ABOUT_RETURN_TYPE = YES_ERROR;
				GCC_WARN_UNDECLARED_SELECTOR = YES;
				GCC_WARN_UNINITIALIZED_AUTOS = YES_AGGRESSIVE;
				GCC_WARN_UNUSED_FUNCTION = YES;
				GCC_WARN_UNUSED_VARIABLE = YES;
				IPHONEOS_DEPLOYMENT_TARGET = 12.2;
				MTL_ENABLE_DEBUG_INFO = NO;
				SDKROOT = iphoneos;
				SWIFT_OPTIMIZATION_LEVEL = "-Owholemodule";
				VALIDATE_PRODUCT = YES;
			};
			name = Release;
		};
		5475D6CF1F9ED24100AFA523 /* Debug */ = {
			isa = XCBuildConfiguration;
			buildSettings = {
				ASSETCATALOG_COMPILER_APPICON_NAME = AppIcon;
				CODE_SIGN_IDENTITY = "iPhone Developer";
				CODE_SIGN_STYLE = Automatic;
				DEVELOPMENT_TEAM = BHJSDBBPS7;
				INFOPLIST_FILE = TextTwist/Info.plist;
				IPHONEOS_DEPLOYMENT_TARGET = 12.2;
				LD_RUNPATH_SEARCH_PATHS = "$(inherited) @executable_path/Frameworks";
				PRODUCT_BUNDLE_IDENTIFIER = TextTwistpursuit;
				PRODUCT_NAME = "$(TARGET_NAME)";
				PROVISIONING_PROFILE_SPECIFIER = "";
				SWIFT_VERSION = 4.0;
				TARGETED_DEVICE_FAMILY = 1;
			};
			name = Debug;
		};
		5475D6D01F9ED24100AFA523 /* Release */ = {
			isa = XCBuildConfiguration;
			buildSettings = {
				ASSETCATALOG_COMPILER_APPICON_NAME = AppIcon;
				CODE_SIGN_IDENTITY = "iPhone Developer";
				CODE_SIGN_STYLE = Automatic;
				DEVELOPMENT_TEAM = BHJSDBBPS7;
				INFOPLIST_FILE = TextTwist/Info.plist;
				IPHONEOS_DEPLOYMENT_TARGET = 12.2;
				LD_RUNPATH_SEARCH_PATHS = "$(inherited) @executable_path/Frameworks";
				PRODUCT_BUNDLE_IDENTIFIER = TextTwistpursuit;
				PRODUCT_NAME = "$(TARGET_NAME)";
				PROVISIONING_PROFILE_SPECIFIER = "";
				SWIFT_VERSION = 4.0;
				TARGETED_DEVICE_FAMILY = 1;
			};
			name = Release;
		};
/* End XCBuildConfiguration section */

/* Begin XCConfigurationList section */
		5475D6B71F9ED24100AFA523 /* Build configuration list for PBXProject "TextTwist" */ = {
			isa = XCConfigurationList;
			buildConfigurations = (
				5475D6CC1F9ED24100AFA523 /* Debug */,
				5475D6CD1F9ED24100AFA523 /* Release */,
			);
			defaultConfigurationIsVisible = 0;
			defaultConfigurationName = Release;
		};
		5475D6CE1F9ED24100AFA523 /* Build configuration list for PBXNativeTarget "TextTwist" */ = {
			isa = XCConfigurationList;
			buildConfigurations = (
				5475D6CF1F9ED24100AFA523 /* Debug */,
				5475D6D01F9ED24100AFA523 /* Release */,
			);
			defaultConfigurationIsVisible = 0;
			defaultConfigurationName = Release;
		};
/* End XCConfigurationList section */
	};
	rootObject = 5475D6B41F9ED24100AFA523 /* Project object */;
}
